
Microsoft Visual Studio Solution File, Format Version 12.00
# Visual Studio Version 16
VisualStudioVersion = 16.0.31205.134
MinimumVisualStudioVersion = 10.0.40219.1
Project("{9A19103F-16F7-4668-BE54-9A1E7A4F7556}") = "BarBuddy.Client", "app\BarBuddy.App\BarBuddy.Client.csproj", "{050DE05C-1CB9-4461-874C-7D67B7180CB2}"
EndProject
Project("{9A19103F-16F7-4668-BE54-9A1E7A4F7556}") = "BarBuddy.DTOs", "shared\BarBuddy.DTOs\BarBuddy.DTOs.csproj", "{8D3535B6-FEE0-43E8-A6ED-AE567010BF16}"
EndProject
Project("{9A19103F-16F7-4668-BE54-9A1E7A4F7556}") = "BarBuddy.Server", "server\BarBuddy.Server\BarBuddy.Server.csproj", "{45E7DD39-EFF8-43EB-9008-3BE8F1489687}"
EndProject
Project("{9A19103F-16F7-4668-BE54-9A1E7A4F7556}") = "BarBuddy.Web", "web\BarBuddy.Web\BarBuddy.Web.csproj", "{5C8695B6-CA8B-403A-B3CF-63BC96A62AB6}"
EndProject
Global
	GlobalSection(SolutionConfigurationPlatforms) = preSolution
		Debug|Any CPU = Debug|Any CPU
		Release|Any CPU = Release|Any CPU
	EndGlobalSection
	GlobalSection(ProjectConfigurationPlatforms) = postSolution
		{050DE05C-1CB9-4461-874C-7D67B7180CB2}.Debug|Any CPU.ActiveCfg = Debug|Any CPU
		{050DE05C-1CB9-4461-874C-7D67B7180CB2}.Debug|Any CPU.Build.0 = Debug|Any CPU
		{050DE05C-1CB9-4461-874C-7D67B7180CB2}.Release|Any CPU.ActiveCfg = Release|Any CPU
		{050DE05C-1CB9-4461-874C-7D67B7180CB2}.Release|Any CPU.Build.0 = Release|Any CPU
		{8D3535B6-FEE0-43E8-A6ED-AE567010BF16}.Debug|Any CPU.ActiveCfg = Debug|Any CPU
		{8D3535B6-FEE0-43E8-A6ED-AE567010BF16}.Debug|Any CPU.Build.0 = Debug|Any CPU
		{8D3535B6-FEE0-43E8-A6ED-AE567010BF16}.Release|Any CPU.ActiveCfg = Release|Any CPU
		{8D3535B6-FEE0-43E8-A6ED-AE567010BF16}.Release|Any CPU.Build.0 = Release|Any CPU
		{45E7DD39-EFF8-43EB-9008-3BE8F1489687}.Debug|Any CPU.ActiveCfg = Debug|Any CPU
		{45E7DD39-EFF8-43EB-9008-3BE8F1489687}.Debug|Any CPU.Build.0 = Debug|Any CPU
		{45E7DD39-EFF8-43EB-9008-3BE8F1489687}.Release|Any CPU.ActiveCfg = Release|Any CPU
		{45E7DD39-EFF8-43EB-9008-3BE8F1489687}.Release|Any CPU.Build.0 = Release|Any CPU
		{5C8695B6-CA8B-403A-B3CF-63BC96A62AB6}.Debug|Any CPU.ActiveCfg = Debug|Any CPU
		{5C8695B6-CA8B-403A-B3CF-63BC96A62AB6}.Debug|Any CPU.Build.0 = Debug|Any CPU
		{5C8695B6-CA8B-403A-B3CF-63BC96A62AB6}.Release|Any CPU.ActiveCfg = Release|Any CPU
		{5C8695B6-CA8B-403A-B3CF-63BC96A62AB6}.Release|Any CPU.Build.0 = Release|Any CPU
	EndGlobalSection
	GlobalSection(SolutionProperties) = preSolution
		HideSolutionNode = FALSE
	EndGlobalSection
	GlobalSection(ExtensibilityGlobals) = postSolution
		SolutionGuid = {AD0A6D7F-4071-49C1-92F1-BA0AFF877A3B}
	EndGlobalSection
EndGlobal
